
Microsoft Visual Studio Solution File, Format Version 12.00
# Visual Studio 14
VisualStudioVersion = 14.0.25420.1
MinimumVisualStudioVersion = 10.0.40219.1
Project("{FAE04EC0-301F-11D3-BF4B-00C04F79EFBC}") = "Shop", "Shop\Shop.csproj", "{F29C16E0-1B9A-451E-9B07-DA9E88CBA799}"
EndProject
Project("{FAE04EC0-301F-11D3-BF4B-00C04F79EFBC}") = "ShopTests1", "ShopTests1\ShopTests1.csproj", "{4F53F8DF-921A-4D12-AEAC-CA3A80108D0C}"
EndProject
Global
	GlobalSection(SolutionConfigurationPlatforms) = preSolution
		Debug|Any CPU = Debug|Any CPU
		Release|Any CPU = Release|Any CPU
	EndGlobalSection
	GlobalSection(ProjectConfigurationPlatforms) = postSolution
		{F29C16E0-1B9A-451E-9B07-DA9E88CBA799}.Debug|Any CPU.ActiveCfg = Debug|Any CPU
		{F29C16E0-1B9A-451E-9B07-DA9E88CBA799}.Debug|Any CPU.Build.0 = Debug|Any CPU
		{F29C16E0-1B9A-451E-9B07-DA9E88CBA799}.Release|Any CPU.ActiveCfg = Release|Any CPU
		{F29C16E0-1B9A-451E-9B07-DA9E88CBA799}.Release|Any CPU.Build.0 = Release|Any CPU
		{4F53F8DF-921A-4D12-AEAC-CA3A80108D0C}.Debug|Any CPU.ActiveCfg = Debug|Any CPU
		{4F53F8DF-921A-4D12-AEAC-CA3A80108D0C}.Debug|Any CPU.Build.0 = Debug|Any CPU
		{4F53F8DF-921A-4D12-AEAC-CA3A80108D0C}.Release|Any CPU.ActiveCfg = Release|Any CPU
		{4F53F8DF-921A-4D12-AEAC-CA3A80108D0C}.Release|Any CPU.Build.0 = Release|Any CPU
	EndGlobalSection
	GlobalSection(SolutionProperties) = preSolution
		HideSolutionNode = FALSE
	EndGlobalSection
EndGlobal
